
Microsoft Visual Studio Solution File, Format Version 12.00
# Visual Studio 15
VisualStudioVersion = 15.0.28307.572
MinimumVisualStudioVersion = 10.0.40219.1
Project("{FAE04EC0-301F-11D3-BF4B-00C04F79EFBC}") = "SimpleArraySum", "SimpleArraySum\SimpleArraySum.csproj", "{A5FF2D6D-3896-4F3C-8B32-BCB03AFB969C}"
EndProject
Global
	GlobalSection(SolutionConfigurationPlatforms) = preSolution
		Debug|Any CPU = Debug|Any CPU
		Release|Any CPU = Release|Any CPU
	EndGlobalSection
	GlobalSection(ProjectConfigurationPlatforms) = postSolution
		{A5FF2D6D-3896-4F3C-8B32-BCB03AFB969C}.Debug|Any CPU.ActiveCfg = Debug|Any CPU
		{A5FF2D6D-3896-4F3C-8B32-BCB03AFB969C}.Debug|Any CPU.Build.0 = Debug|Any CPU
		{A5FF2D6D-3896-4F3C-8B32-BCB03AFB969C}.Release|Any CPU.ActiveCfg = Release|Any CPU
		{A5FF2D6D-3896-4F3C-8B32-BCB03AFB969C}.Release|Any CPU.Build.0 = Release|Any CPU
	EndGlobalSection
	GlobalSection(SolutionProperties) = preSolution
		HideSolutionNode = FALSE
	EndGlobalSection
	GlobalSection(ExtensibilityGlobals) = postSolution
		SolutionGuid = {FCAC9055-DC1B-4DF4-8DCA-D3EF2CDF30FE}
	EndGlobalSection
EndGlobal
